
Microsoft Visual Studio Solution File, Format Version 12.00
# Visual Studio 15
VisualStudioVersion = 15.0.28307.489
MinimumVisualStudioVersion = 10.0.40219.1
Project("{FAE04EC0-301F-11D3-BF4B-00C04F79EFBC}") = "Horizon", "Horizon\Horizon.csproj", "{620288AF-C53F-4891-9499-772AC3EC4427}"
EndProject
Global
	GlobalSection(SolutionConfigurationPlatforms) = preSolution
		Debug|Any CPU = Debug|Any CPU
		Release|Any CPU = Release|Any CPU
	EndGlobalSection
	GlobalSection(ProjectConfigurationPlatforms) = postSolution
		{620288AF-C53F-4891-9499-772AC3EC4427}.Debug|Any CPU.ActiveCfg = Debug|Any CPU
		{620288AF-C53F-4891-9499-772AC3EC4427}.Debug|Any CPU.Build.0 = Debug|Any CPU
		{620288AF-C53F-4891-9499-772AC3EC4427}.Release|Any CPU.ActiveCfg = Release|Any CPU
		{620288AF-C53F-4891-9499-772AC3EC4427}.Release|Any CPU.Build.0 = Release|Any CPU
	EndGlobalSection
	GlobalSection(SolutionProperties) = preSolution
		HideSolutionNode = FALSE
	EndGlobalSection
	GlobalSection(ExtensibilityGlobals) = postSolution
		SolutionGuid = {F4DA4624-9FEB-4A11-BCDC-1FA851E61C26}
	EndGlobalSection
EndGlobal
